{
  "version": "2",
  "remote": {},
  "npm": {
    "specifiers": {
      "async@3.2.4": "async@3.2.4",
      "ws": "ws@8.13.0"
    },
    "packages": {
      "async@3.2.4": {
        "integrity": "sha512-iAB+JbDEGXhyIUavoDl9WP/Jj106Kz9DEn1DPgYw5ruDn0e3Wgi3sKFm55sASdGBNOQB8F59d9qQ7deqrHA8wQ==",
        "dependencies": {}
      },
      "ws@8.13.0": {
        "integrity": "sha512-x9vcZYTrFPC7aSIbj7sRCYo7L/Xb8Iy+pW0ng0wt2vCJv7M9HOMy0UoN3rr+IFC7hb7vXoqS+P9ktyLLLhO+LA==",
        "dependencies": {}
      }
    }
  }
}
